
Microsoft Visual Studio Solution File, Format Version 12.00
# Visual Studio Version 16
VisualStudioVersion = 16.0.31313.79
MinimumVisualStudioVersion = 10.0.40219.1
Project("{FAE04EC0-301F-11D3-BF4B-00C04F79EFBC}") = "ProyectoViamatica", "ProyectoViamatica\ProyectoViamatica.csproj", "{D26E05A1-29E7-4E04-B08A-673E1587946B}"
EndProject
Global
	GlobalSection(SolutionConfigurationPlatforms) = preSolution
		Debug|Any CPU = Debug|Any CPU
		Release|Any CPU = Release|Any CPU
	EndGlobalSection
	GlobalSection(ProjectConfigurationPlatforms) = postSolution
		{D26E05A1-29E7-4E04-B08A-673E1587946B}.Debug|Any CPU.ActiveCfg = Debug|Any CPU
		{D26E05A1-29E7-4E04-B08A-673E1587946B}.Debug|Any CPU.Build.0 = Debug|Any CPU
		{D26E05A1-29E7-4E04-B08A-673E1587946B}.Release|Any CPU.ActiveCfg = Release|Any CPU
		{D26E05A1-29E7-4E04-B08A-673E1587946B}.Release|Any CPU.Build.0 = Release|Any CPU
	EndGlobalSection
	GlobalSection(SolutionProperties) = preSolution
		HideSolutionNode = FALSE
	EndGlobalSection
	GlobalSection(ExtensibilityGlobals) = postSolution
		SolutionGuid = {04583859-9463-4FFB-A15B-280B80DB16AE}
	EndGlobalSection
EndGlobal
